// !$*UTF8*$!
{
	archiveVersion = 1;
	classes = {
	};
	objectVersion = 50;
	objects = {

/* Begin PBXBuildFile section */
		2C76FCC323C8AA0100704CD1 /* AppDelegate.swift in Sources */ = {isa = PBXBuildFile; fileRef = 2C76FCC223C8AA0100704CD1 /* AppDelegate.swift */; };
		2C76FCC523C8AA0100704CD1 /* SceneDelegate.swift in Sources */ = {isa = PBXBuildFile; fileRef = 2C76FCC423C8AA0100704CD1 /* SceneDelegate.swift */; };
		2C76FCC723C8AA0100704CD1 /* ViewController.swift in Sources */ = {isa = PBXBuildFile; fileRef = 2C76FCC623C8AA0100704CD1 /* ViewController.swift */; };
		2C76FCCA23C8AA0100704CD1 /* Main.storyboard in Resources */ = {isa = PBXBuildFile; fileRef = 2C76FCC823C8AA0100704CD1 /* Main.storyboard */; };
		2C76FCCD23C8AA0100704CD1 /* Marsplay.xcdatamodeld in Sources */ = {isa = PBXBuildFile; fileRef = 2C76FCCB23C8AA0100704CD1 /* Marsplay.xcdatamodeld */; };
		2C76FCCF23C8AA0300704CD1 /* Assets.xcassets in Resources */ = {isa = PBXBuildFile; fileRef = 2C76FCCE23C8AA0300704CD1 /* Assets.xcassets */; };
		2C76FCD223C8AA0300704CD1 /* LaunchScreen.storyboard in Resources */ = {isa = PBXBuildFile; fileRef = 2C76FCD023C8AA0300704CD1 /* LaunchScreen.storyboard */; };
		2C76FCDD23C8AA0400704CD1 /* MarsplayTests.swift in Sources */ = {isa = PBXBuildFile; fileRef = 2C76FCDC23C8AA0400704CD1 /* MarsplayTests.swift */; };
		2C76FCE823C8AA0400704CD1 /* MarsplayUITests.swift in Sources */ = {isa = PBXBuildFile; fileRef = 2C76FCE723C8AA0400704CD1 /* MarsplayUITests.swift */; };
/* End PBXBuildFile section */

/* Begin PBXContainerItemProxy section */
		2C76FCD923C8AA0400704CD1 /* PBXContainerItemProxy */ = {
			isa = PBXContainerItemProxy;
			containerPortal = 2C76FCB723C8AA0100704CD1 /* Project object */;
			proxyType = 1;
			remoteGlobalIDString = 2C76FCBE23C8AA0100704CD1;
			remoteInfo = Marsplay;
		};
		2C76FCE423C8AA0400704CD1 /* PBXContainerItemProxy */ = {
			isa = PBXContainerItemProxy;
			containerPortal = 2C76FCB723C8AA0100704CD1 /* Project object */;
			proxyType = 1;
			remoteGlobalIDString = 2C76FCBE23C8AA0100704CD1;
			remoteInfo = Marsplay;
		};
/* End PBXContainerItemProxy section */

/* Begin PBXFileReference section */
		2C76FCBF23C8AA0100704CD1 /* Marsplay.app */ = {isa = PBXFileReference; explicitFileType = wrapper.application; includeInIndex = 0; path = Marsplay.app; sourceTree = BUILT_PRODUCTS_DIR; };
		2C76FCC223C8AA0100704CD1 /* AppDelegate.swift */ = {isa = PBXFileReference; lastKnownFileType = sourcecode.swift; path = AppDelegate.swift; sourceTree = "<group>"; };
		2C76FCC423C8AA0100704CD1 /* SceneDelegate.swift */ = {isa = PBXFileReference; lastKnownFileType = sourcecode.swift; path = SceneDelegate.swift; sourceTree = "<group>"; };
		2C76FCC623C8AA0100704CD1 /* ViewController.swift */ = {isa = PBXFileReference; lastKnownFileType = sourcecode.swift; path = ViewController.swift; sourceTree = "<group>"; };
		2C76FCC923C8AA0100704CD1 /* Base */ = {isa = PBXFileReference; lastKnownFileType = file.storyboard; name = Base; path = Base.lproj/Main.storyboard; sourceTree = "<group>"; };
		2C76FCCC23C8AA0100704CD1 /* Marsplay.xcdatamodel */ = {isa = PBXFileReference; lastKnownFileType = wrapper.xcdatamodel; path = Marsplay.xcdatamodel; sourceTree = "<group>"; };
		2C76FCCE23C8AA0300704CD1 /* Assets.xcassets */ = {isa = PBXFileReference; lastKnownFileType = folder.assetcatalog; path = Assets.xcassets; sourceTree = "<group>"; };
		2C76FCD123C8AA0300704CD1 /* Base */ = {isa = PBXFileReference; lastKnownFileType = file.storyboard; name = Base; path = Base.lproj/LaunchScreen.storyboard; sourceTree = "<group>"; };
		2C76FCD323C8AA0300704CD1 /* Info.plist */ = {isa = PBXFileReference; lastKnownFileType = text.plist.xml; path = Info.plist; sourceTree = "<group>"; };
		2C76FCD823C8AA0400704CD1 /* MarsplayTests.xctest */ = {isa = PBXFileReference; explicitFileType = wrapper.cfbundle; includeInIndex = 0; path = MarsplayTests.xctest; sourceTree = BUILT_PRODUCTS_DIR; };
		2C76FCDC23C8AA0400704CD1 /* MarsplayTests.swift */ = {isa = PBXFileReference; lastKnownFileType = sourcecode.swift; path = MarsplayTests.swift; sourceTree = "<group>"; };
		2C76FCDE23C8AA0400704CD1 /* Info.plist */ = {isa = PBXFileReference; lastKnownFileType = text.plist.xml; path = Info.plist; sourceTree = "<group>"; };
		2C76FCE323C8AA0400704CD1 /* MarsplayUITests.xctest */ = {isa = PBXFileReference; explicitFileType = wrapper.cfbundle; includeInIndex = 0; path = MarsplayUITests.xctest; sourceTree = BUILT_PRODUCTS_DIR; };
		2C76FCE723C8AA0400704CD1 /* MarsplayUITests.swift */ = {isa = PBXFileReference; lastKnownFileType = sourcecode.swift; path = MarsplayUITests.swift; sourceTree = "<group>"; };
		2C76FCE923C8AA0400704CD1 /* Info.plist */ = {isa = PBXFileReference; lastKnownFileType = text.plist.xml; path = Info.plist; sourceTree = "<group>"; };
/* End PBXFileReference section */

/* Begin PBXFrameworksBuildPhase section */
		2C76FCBC23C8AA0100704CD1 /* Frameworks */ = {
			isa = PBXFrameworksBuildPhase;
			buildActionMask = 2147483647;
			files = (
			);
			runOnlyForDeploymentPostprocessing = 0;
		};
		2C76FCD523C8AA0400704CD1 /* Frameworks */ = {
			isa = PBXFrameworksBuildPhase;
			buildActionMask = 2147483647;
			files = (
			);
			runOnlyForDeploymentPostprocessing = 0;
		};
		2C76FCE023C8AA0400704CD1 /* Frameworks */ = {
			isa = PBXFrameworksBuildPhase;
			buildActionMask = 2147483647;
			files = (
			);
			runOnlyForDeploymentPostprocessing = 0;
		};
/* End PBXFrameworksBuildPhase section */

/* Begin PBXGroup section */
		2C76FCB623C8AA0100704CD1 = {
			isa = PBXGroup;
			children = (
				2C76FCC123C8AA0100704CD1 /* Marsplay */,
				2C76FCDB23C8AA0400704CD1 /* MarsplayTests */,
				2C76FCE623C8AA0400704CD1 /* MarsplayUITests */,
				2C76FCC023C8AA0100704CD1 /* Products */,
			);
			sourceTree = "<group>";
		};
		2C76FCC023C8AA0100704CD1 /* Products */ = {
			isa = PBXGroup;
			children = (
				2C76FCBF23C8AA0100704CD1 /* Marsplay.app */,
				2C76FCD823C8AA0400704CD1 /* MarsplayTests.xctest */,
				2C76FCE323C8AA0400704CD1 /* MarsplayUITests.xctest */,
			);
			name = Products;
			sourceTree = "<group>";
		};
		2C76FCC123C8AA0100704CD1 /* Marsplay */ = {
			isa = PBXGroup;
			children = (
				2C76FCC223C8AA0100704CD1 /* AppDelegate.swift */,
				2C76FCC423C8AA0100704CD1 /* SceneDelegate.swift */,
				2C76FCC623C8AA0100704CD1 /* ViewController.swift */,
				2C76FCC823C8AA0100704CD1 /* Main.storyboard */,
				2C76FCCE23C8AA0300704CD1 /* Assets.xcassets */,
				2C76FCD023C8AA0300704CD1 /* LaunchScreen.storyboard */,
				2C76FCD323C8AA0300704CD1 /* Info.plist */,
				2C76FCCB23C8AA0100704CD1 /* Marsplay.xcdatamodeld */,
			);
			path = Marsplay;
			sourceTree = "<group>";
		};
		2C76FCDB23C8AA0400704CD1 /* MarsplayTests */ = {
			isa = PBXGroup;
			children = (
				2C76FCDC23C8AA0400704CD1 /* MarsplayTests.swift */,
				2C76FCDE23C8AA0400704CD1 /* Info.plist */,
			);
			path = MarsplayTests;
			sourceTree = "<group>";
		};
		2C76FCE623C8AA0400704CD1 /* MarsplayUITests */ = {
			isa = PBXGroup;
			children = (
				2C76FCE723C8AA0400704CD1 /* MarsplayUITests.swift */,
				2C76FCE923C8AA0400704CD1 /* Info.plist */,
			);
			path = MarsplayUITests;
			sourceTree = "<group>";
		};
/* End PBXGroup section */

/* Begin PBXNativeTarget section */
		2C76FCBE23C8AA0100704CD1 /* Marsplay */ = {
			isa = PBXNativeTarget;
			buildConfigurationList = 2C76FCEC23C8AA0400704CD1 /* Build configuration list for PBXNativeTarget "Marsplay" */;
			buildPhases = (
				2C76FCBB23C8AA0100704CD1 /* Sources */,
				2C76FCBC23C8AA0100704CD1 /* Frameworks */,
				2C76FCBD23C8AA0100704CD1 /* Resources */,
			);
			buildRules = (
			);
			dependencies = (
			);
			name = Marsplay;
			productName = Marsplay;
			productReference = 2C76FCBF23C8AA0100704CD1 /* Marsplay.app */;
			productType = "com.apple.product-type.application";
		};
		2C76FCD723C8AA0400704CD1 /* MarsplayTests */ = {
			isa = PBXNativeTarget;
			buildConfigurationList = 2C76FCEF23C8AA0400704CD1 /* Build configuration list for PBXNativeTarget "MarsplayTests" */;
			buildPhases = (
				2C76FCD423C8AA0400704CD1 /* Sources */,
				2C76FCD523C8AA0400704CD1 /* Frameworks */,
				2C76FCD623C8AA0400704CD1 /* Resources */,
			);
			buildRules = (
			);
			dependencies = (
				2C76FCDA23C8AA0400704CD1 /* PBXTargetDependency */,
			);
			name = MarsplayTests;
			productName = MarsplayTests;
			productReference = 2C76FCD823C8AA0400704CD1 /* MarsplayTests.xctest */;
			productType = "com.apple.product-type.bundle.unit-test";
		};
		2C76FCE223C8AA0400704CD1 /* MarsplayUITests */ = {
			isa = PBXNativeTarget;
			buildConfigurationList = 2C76FCF223C8AA0400704CD1 /* Build configuration list for PBXNativeTarget "MarsplayUITests" */;
			buildPhases = (
				2C76FCDF23C8AA0400704CD1 /* Sources */,
				2C76FCE023C8AA0400704CD1 /* Frameworks */,
				2C76FCE123C8AA0400704CD1 /* Resources */,
			);
			buildRules = (
			);
			dependencies = (
				2C76FCE523C8AA0400704CD1 /* PBXTargetDependency */,
			);
			name = MarsplayUITests;
			productName = MarsplayUITests;
			productReference = 2C76FCE323C8AA0400704CD1 /* MarsplayUITests.xctest */;
			productType = "com.apple.product-type.bundle.ui-testing";
		};
/* End PBXNativeTarget section */

/* Begin PBXProject section */
		2C76FCB723C8AA0100704CD1 /* Project object */ = {
			isa = PBXProject;
			attributes = {
				LastSwiftUpdateCheck = 1110;
				LastUpgradeCheck = 1110;
				ORGANIZATIONNAME = "Pankaj Kumar Nigam";
				TargetAttributes = {
					2C76FCBE23C8AA0100704CD1 = {
						CreatedOnToolsVersion = 11.1;
					};
					2C76FCD723C8AA0400704CD1 = {
						CreatedOnToolsVersion = 11.1;
						TestTargetID = 2C76FCBE23C8AA0100704CD1;
					};
					2C76FCE223C8AA0400704CD1 = {
						CreatedOnToolsVersion = 11.1;
						TestTargetID = 2C76FCBE23C8AA0100704CD1;
					};
				};
			};
			buildConfigurationList = 2C76FCBA23C8AA0100704CD1 /* Build configuration list for PBXProject "Marsplay" */;
			compatibilityVersion = "Xcode 9.3";
			developmentRegion = en;
			hasScannedForEncodings = 0;
			knownRegions = (
				en,
				Base,
			);
			mainGroup = 2C76FCB623C8AA0100704CD1;
			productRefGroup = 2C76FCC023C8AA0100704CD1 /* Products */;
			projectDirPath = "";
			projectRoot = "";
			targets = (
				2C76FCBE23C8AA0100704CD1 /* Marsplay */,
				2C76FCD723C8AA0400704CD1 /* MarsplayTests */,
				2C76FCE223C8AA0400704CD1 /* MarsplayUITests */,
			);
		};
/* End PBXProject section */

/* Begin PBXResourcesBuildPhase section */
		2C76FCBD23C8AA0100704CD1 /* Resources */ = {
			isa = PBXResourcesBuildPhase;
			buildActionMask = 2147483647;
			files = (
				2C76FCD223C8AA0300704CD1 /* LaunchScreen.storyboard in Resources */,
				2C76FCCF23C8AA0300704CD1 /* Assets.xcassets in Resources */,
				2C76FCCA23C8AA0100704CD1 /* Main.storyboard in Resources */,
			);
			runOnlyForDeploymentPostprocessing = 0;
		};
		2C76FCD623C8AA0400704CD1 /* Resources */ = {
			isa = PBXResourcesBuildPhase;
			buildActionMask = 2147483647;
			files = (
			);
			runOnlyForDeploymentPostprocessing = 0;
		};
		2C76FCE123C8AA0400704CD1 /* Resources */ = {
			isa = PBXResourcesBuildPhase;
			buildActionMask = 2147483647;
			files = (
			);
			runOnlyForDeploymentPostprocessing = 0;
		};
/* End PBXResourcesBuildPhase section */

/* Begin PBXSourcesBuildPhase section */
		2C76FCBB23C8AA0100704CD1 /* Sources */ = {
			isa = PBXSourcesBuildPhase;
			buildActionMask = 2147483647;
			files = (
				2C76FCC723C8AA0100704CD1 /* ViewController.swift in Sources */,
				2C76FCC323C8AA0100704CD1 /* AppDelegate.swift in Sources */,
				2C76FCCD23C8AA0100704CD1 /* Marsplay.xcdatamodeld in Sources */,
				2C76FCC523C8AA0100704CD1 /* SceneDelegate.swift in Sources */,
			);
			runOnlyForDeploymentPostprocessing = 0;
		};
		2C76FCD423C8AA0400704CD1 /* Sources */ = {
			isa = PBXSourcesBuildPhase;
			buildActionMask = 2147483647;
			files = (
				2C76FCDD23C8AA0400704CD1 /* MarsplayTests.swift in Sources */,
			);
			runOnlyForDeploymentPostprocessing = 0;
		};
		2C76FCDF23C8AA0400704CD1 /* Sources */ = {
			isa = PBXSourcesBuildPhase;
			buildActionMask = 2147483647;
			files = (
				2C76FCE823C8AA0400704CD1 /* MarsplayUITests.swift in Sources */,
			);
			runOnlyForDeploymentPostprocessing = 0;
		};
/* End PBXSourcesBuildPhase section */

/* Begin PBXTargetDependency section */
		2C76FCDA23C8AA0400704CD1 /* PBXTargetDependency */ = {
			isa = PBXTargetDependency;
			target = 2C76FCBE23C8AA0100704CD1 /* Marsplay */;
			targetProxy = 2C76FCD923C8AA0400704CD1 /* PBXContainerItemProxy */;
		};
		2C76FCE523C8AA0400704CD1 /* PBXTargetDependency */ = {
			isa = PBXTargetDependency;
			target = 2C76FCBE23C8AA0100704CD1 /* Marsplay */;
			targetProxy = 2C76FCE423C8AA0400704CD1 /* PBXContainerItemProxy */;
		};
/* End PBXTargetDependency section */

/* Begin PBXVariantGroup section */
		2C76FCC823C8AA0100704CD1 /* Main.storyboard */ = {
			isa = PBXVariantGroup;
			children = (
				2C76FCC923C8AA0100704CD1 /* Base */,
			);
			name = Main.storyboard;
			sourceTree = "<group>";
		};
		2C76FCD023C8AA0300704CD1 /* LaunchScreen.storyboard */ = {
			isa = PBXVariantGroup;
			children = (
				2C76FCD123C8AA0300704CD1 /* Base */,
			);
			name = LaunchScreen.storyboard;
			sourceTree = "<group>";
		};
/* End PBXVariantGroup section */

/* Begin XCBuildConfiguration section */
		2C76FCEA23C8AA0400704CD1 /* Debug */ = {
			isa = XCBuildConfiguration;
			buildSettings = {
				ALWAYS_SEARCH_USER_PATHS = NO;
				CLANG_ANALYZER_NONNULL = YES;
				CLANG_ANALYZER_NUMBER_OBJECT_CONVERSION = YES_AGGRESSIVE;
				CLANG_CXX_LANGUAGE_STANDARD = "gnu++14";
				CLANG_CXX_LIBRARY = "libc++";
				CLANG_ENABLE_MODULES = YES;
				CLANG_ENABLE_OBJC_ARC = YES;
				CLANG_ENABLE_OBJC_WEAK = YES;
				CLANG_WARN_BLOCK_CAPTURE_AUTORELEASING = YES;
				CLANG_WARN_BOOL_CONVERSION = YES;
				CLANG_WARN_COMMA = YES;
				CLANG_WARN_CONSTANT_CONVERSION = YES;
				CLANG_WARN_DEPRECATED_OBJC_IMPLEMENTATIONS = YES;
				CLANG_WARN_DIRECT_OBJC_ISA_USAGE = YES_ERROR;
				CLANG_WARN_DOCUMENTATION_COMMENTS = YES;
				CLANG_WARN_EMPTY_BODY = YES;
				CLANG_WARN_ENUM_CONVERSION = YES;
				CLANG_WARN_INFINITE_RECURSION = YES;
				CLANG_WARN_INT_CONVERSION = YES;
				CLANG_WARN_NON_LITERAL_NULL_CONVERSION = YES;
				CLANG_WARN_OBJC_IMPLICIT_RETAIN_SELF = YES;
				CLANG_WARN_OBJC_LITERAL_CONVERSION = YES;
				CLANG_WARN_OBJC_ROOT_CLASS = YES_ERROR;
				CLANG_WARN_RANGE_LOOP_ANALYSIS = YES;
				CLANG_WARN_STRICT_PROTOTYPES = YES;
				CLANG_WARN_SUSPICIOUS_MOVE = YES;
				CLANG_WARN_UNGUARDED_AVAILABILITY = YES_AGGRESSIVE;
				CLANG_WARN_UNREACHABLE_CODE = YES;
				CLANG_WARN__DUPLICATE_METHOD_MATCH = YES;
				COPY_PHASE_STRIP = NO;
				DEBUG_INFORMATION_FORMAT = dwarf;
				ENABLE_STRICT_OBJC_MSGSEND = YES;
				ENABLE_TESTABILITY = YES;
				GCC_C_LANGUAGE_STANDARD = gnu11;
				GCC_DYNAMIC_NO_PIC = NO;
				GCC_NO_COMMON_BLOCKS = YES;
				GCC_OPTIMIZATION_LEVEL = 0;
				GCC_PREPROCESSOR_DEFINITIONS = (
					"DEBUG=1",
					"$(inherited)",
				);
				GCC_WARN_64_TO_32_BIT_CONVERSION = YES;
				GCC_WARN_ABOUT_RETURN_TYPE = YES_ERROR;
				GCC_WARN_UNDECLARED_SELECTOR = YES;
				GCC_WARN_UNINITIALIZED_AUTOS = YES_AGGRESSIVE;
				GCC_WARN_UNUSED_FUNCTION = YES;
				GCC_WARN_UNUSED_VARIABLE = YES;
				IPHONEOS_DEPLOYMENT_TARGET = 13.1;
				MTL_ENABLE_DEBUG_INFO = INCLUDE_SOURCE;
				MTL_FAST_MATH = YES;
				ONLY_ACTIVE_ARCH = YES;
				SDKROOT = iphoneos;
				SWIFT_ACTIVE_COMPILATION_CONDITIONS = DEBUG;
				SWIFT_OPTIMIZATION_LEVEL = "-Onone";
			};
			name = Debug;
		};
		2C76FCEB23C8AA0400704CD1 /* Release */ = {
			isa = XCBuildConfiguration;
			buildSettings = {
				ALWAYS_SEARCH_USER_PATHS = NO;
				CLANG_ANALYZER_NONNULL = YES;
				CLANG_ANALYZER_NUMBER_OBJECT_CONVERSION = YES_AGGRESSIVE;
				CLANG_CXX_LANGUAGE_STANDARD = "gnu++14";
				CLANG_CXX_LIBRARY = "libc++";
				CLANG_ENABLE_MODULES = YES;
				CLANG_ENABLE_OBJC_ARC = YES;
				CLANG_ENABLE_OBJC_WEAK = YES;
				CLANG_WARN_BLOCK_CAPTURE_AUTORELEASING = YES;
				CLANG_WARN_BOOL_CONVERSION = YES;
				CLANG_WARN_COMMA = YES;
				CLANG_WARN_CONSTANT_CONVERSION = YES;
				CLANG_WARN_DEPRECATED_OBJC_IMPLEMENTATIONS = YES;
				CLANG_WARN_DIRECT_OBJC_ISA_USAGE = YES_ERROR;
				CLANG_WARN_DOCUMENTATION_COMMENTS = YES;
				CLANG_WARN_EMPTY_BODY = YES;
				CLANG_WARN_ENUM_CONVERSION = YES;
				CLANG_WARN_INFINITE_RECURSION = YES;
				CLANG_WARN_INT_CONVERSION = YES;
				CLANG_WARN_NON_LITERAL_NULL_CONVERSION = YES;
				CLANG_WARN_OBJC_IMPLICIT_RETAIN_SELF = YES;
				CLANG_WARN_OBJC_LITERAL_CONVERSION = YES;
				CLANG_WARN_OBJC_ROOT_CLASS = YES_ERROR;
				CLANG_WARN_RANGE_LOOP_ANALYSIS = YES;
				CLANG_WARN_STRICT_PROTOTYPES = YES;
				CLANG_WARN_SUSPICIOUS_MOVE = YES;
				CLANG_WARN_UNGUARDED_AVAILABILITY = YES_AGGRESSIVE;
				CLANG_WARN_UNREACHABLE_CODE = YES;
				CLANG_WARN__DUPLICATE_METHOD_MATCH = YES;
				COPY_PHASE_STRIP = NO;
				DEBUG_INFORMATION_FORMAT = "dwarf-with-dsym";
				ENABLE_NS_ASSERTIONS = NO;
				ENABLE_STRICT_OBJC_MSGSEND = YES;
				GCC_C_LANGUAGE_STANDARD = gnu11;
				GCC_NO_COMMON_BLOCKS = YES;
				GCC_WARN_64_TO_32_BIT_CONVERSION = YES;
				GCC_WARN_ABOUT_RETURN_TYPE = YES_ERROR;
				GCC_WARN_UNDECLARED_SELECTOR = YES;
				GCC_WARN_UNINITIALIZED_AUTOS = YES_AGGRESSIVE;
				GCC_WARN_UNUSED_FUNCTION = YES;
				GCC_WARN_UNUSED_VARIABLE = YES;
				IPHONEOS_DEPLOYMENT_TARGET = 13.1;
				MTL_ENABLE_DEBUG_INFO = NO;
				MTL_FAST_MATH = YES;
				SDKROOT = iphoneos;
				SWIFT_COMPILATION_MODE = wholemodule;
				SWIFT_OPTIMIZATION_LEVEL = "-O";
				VALIDATE_PRODUCT = YES;
			};
			name = Release;
		};
		2C76FCED23C8AA0400704CD1 /* Debug */ = {
			isa = XCBuildConfiguration;
			buildSettings = {
				ASSETCATALOG_COMPILER_APPICON_NAME = AppIcon;
				CODE_SIGN_STYLE = Automatic;
				DEVELOPMENT_TEAM = 89RDC2SB67;
				INFOPLIST_FILE = Marsplay/Info.plist;
				LD_RUNPATH_SEARCH_PATHS = (
					"$(inherited)",
					"@executable_path/Frameworks",
				);
				PRODUCT_BUNDLE_IDENTIFIER = com.dac.Marsplay;
				PRODUCT_NAME = "$(TARGET_NAME)";
				SWIFT_VERSION = 5.0;
				TARGETED_DEVICE_FAMILY = "1,2";
			};
			name = Debug;
		};
		2C76FCEE23C8AA0400704CD1 /* Release */ = {
			isa = XCBuildConfiguration;
			buildSettings = {
				ASSETCATALOG_COMPILER_APPICON_NAME = AppIcon;
				CODE_SIGN_STYLE = Automatic;
				DEVELOPMENT_TEAM = 89RDC2SB67;
				INFOPLIST_FILE = Marsplay/Info.plist;
				LD_RUNPATH_SEARCH_PATHS = (
					"$(inherited)",
					"@executable_path/Frameworks",
				);
				PRODUCT_BUNDLE_IDENTIFIER = com.dac.Marsplay;
				PRODUCT_NAME = "$(TARGET_NAME)";
				SWIFT_VERSION = 5.0;
				TARGETED_DEVICE_FAMILY = "1,2";
			};
			name = Release;
		};
		2C76FCF023C8AA0400704CD1 /* Debug */ = {
			isa = XCBuildConfiguration;
			buildSettings = {
				ALWAYS_EMBED_SWIFT_STANDARD_LIBRARIES = YES;
				BUNDLE_LOADER = "$(TEST_HOST)";
				CODE_SIGN_STYLE = Automatic;
				DEVELOPMENT_TEAM = 89RDC2SB67;
				INFOPLIST_FILE = MarsplayTests/Info.plist;
				IPHONEOS_DEPLOYMENT_TARGET = 13.1;
				LD_RUNPATH_SEARCH_PATHS = (
					"$(inherited)",
					"@executable_path/Frameworks",
					"@loader_path/Frameworks",
				);
				PRODUCT_BUNDLE_IDENTIFIER = com.dac.MarsplayTests;
				PRODUCT_NAME = "$(TARGET_NAME)";
				SWIFT_VERSION = 5.0;
				TARGETED_DEVICE_FAMILY = "1,2";
				TEST_HOST = "$(BUILT_PRODUCTS_DIR)/Marsplay.app/Marsplay";
			};
			name = Debug;
		};
		2C76FCF123C8AA0400704CD1 /* Release */ = {
			isa = XCBuildConfiguration;
			buildSettings = {
				ALWAYS_EMBED_SWIFT_STANDARD_LIBRARIES = YES;
				BUNDLE_LOADER = "$(TEST_HOST)";
				CODE_SIGN_STYLE = Automatic;
				DEVELOPMENT_TEAM = 89RDC2SB67;
				INFOPLIST_FILE = MarsplayTests/Info.plist;
				IPHONEOS_DEPLOYMENT_TARGET = 13.1;
				LD_RUNPATH_SEARCH_PATHS = (
					"$(inherited)",
					"@executable_path/Frameworks",
					"@loader_path/Frameworks",
				);
				PRODUCT_BUNDLE_IDENTIFIER = com.dac.MarsplayTests;
				PRODUCT_NAME = "$(TARGET_NAME)";
				SWIFT_VERSION = 5.0;
				TARGETED_DEVICE_FAMILY = "1,2";
				TEST_HOST = "$(BUILT_PRODUCTS_DIR)/Marsplay.app/Marsplay";
			};
			name = Release;
		};
		2C76FCF323C8AA0400704CD1 /* Debug */ = {
			isa = XCBuildConfiguration;
			buildSettings = {
				ALWAYS_EMBED_SWIFT_STANDARD_LIBRARIES = YES;
				CODE_SIGN_STYLE = Automatic;
				DEVELOPMENT_TEAM = 89RDC2SB67;
				INFOPLIST_FILE = MarsplayUITests/Info.plist;
				LD_RUNPATH_SEARCH_PATHS = (
					"$(inherited)",
					"@executable_path/Frameworks",
					"@loader_path/Frameworks",
				);
				PRODUCT_BUNDLE_IDENTIFIER = com.dac.MarsplayUITests;
				PRODUCT_NAME = "$(TARGET_NAME)";
				SWIFT_VERSION = 5.0;
				TARGETED_DEVICE_FAMILY = "1,2";
				TEST_TARGET_NAME = Marsplay;
			};
			name = Debug;
		};
		2C76FCF423C8AA0400704CD1 /* Release */ = {
			isa = XCBuildConfiguration;
			buildSettings = {
				ALWAYS_EMBED_SWIFT_STANDARD_LIBRARIES = YES;
				CODE_SIGN_STYLE = Automatic;
				DEVELOPMENT_TEAM = 89RDC2SB67;
				INFOPLIST_FILE = MarsplayUITests/Info.plist;
				LD_RUNPATH_SEARCH_PATHS = (
					"$(inherited)",
					"@executable_path/Frameworks",
					"@loader_path/Frameworks",
				);
				PRODUCT_BUNDLE_IDENTIFIER = com.dac.MarsplayUITests;
				PRODUCT_NAME = "$(TARGET_NAME)";
				SWIFT_VERSION = 5.0;
				TARGETED_DEVICE_FAMILY = "1,2";
				TEST_TARGET_NAME = Marsplay;
			};
			name = Release;
		};
/* End XCBuildConfiguration section */

/* Begin XCConfigurationList section */
		2C76FCBA23C8AA0100704CD1 /* Build configuration list for PBXProject "Marsplay" */ = {
			isa = XCConfigurationList;
			buildConfigurations = (
				2C76FCEA23C8AA0400704CD1 /* Debug */,
				2C76FCEB23C8AA0400704CD1 /* Release */,
			);
			defaultConfigurationIsVisible = 0;
			defaultConfigurationName = Release;
		};
		2C76FCEC23C8AA0400704CD1 /* Build configuration list for PBXNativeTarget "Marsplay" */ = {
			isa = XCConfigurationList;
			buildConfigurations = (
				2C76FCED23C8AA0400704CD1 /* Debug */,
				2C76FCEE23C8AA0400704CD1 /* Release */,
			);
			defaultConfigurationIsVisible = 0;
			defaultConfigurationName = Release;
		};
		2C76FCEF23C8AA0400704CD1 /* Build configuration list for PBXNativeTarget "MarsplayTests" */ = {
			isa = XCConfigurationList;
			buildConfigurations = (
				2C76FCF023C8AA0400704CD1 /* Debug */,
				2C76FCF123C8AA0400704CD1 /* Release */,
			);
			defaultConfigurationIsVisible = 0;
			defaultConfigurationName = Release;
		};
		2C76FCF223C8AA0400704CD1 /* Build configuration list for PBXNativeTarget "MarsplayUITests" */ = {
			isa = XCConfigurationList;
			buildConfigurations = (
				2C76FCF323C8AA0400704CD1 /* Debug */,
				2C76FCF423C8AA0400704CD1 /* Release */,
			);
			defaultConfigurationIsVisible = 0;
			defaultConfigurationName = Release;
		};
/* End XCConfigurationList section */

/* Begin XCVersionGroup section */
		2C76FCCB23C8AA0100704CD1 /* Marsplay.xcdatamodeld */ = {
			isa = XCVersionGroup;
			children = (
				2C76FCCC23C8AA0100704CD1 /* Marsplay.xcdatamodel */,
			);
			currentVersion = 2C76FCCC23C8AA0100704CD1 /* Marsplay.xcdatamodel */;
			path = Marsplay.xcdatamodeld;
			sourceTree = "<group>";
			versionGroupType = wrapper.xcdatamodel;
		};
/* End XCVersionGroup section */
	};
	rootObject = 2C76FCB723C8AA0100704CD1 /* Project object */;
}
